// !$*UTF8*$!
{
	archiveVersion = 1;
	classes = {
	};
	objectVersion = 50;
	objects = {

/* Begin PBXBuildFile section */
		B8E6472A26159EF2005FCBD9 /* AppDelegate.swift in Sources */ = {isa = PBXBuildFile; fileRef = B8E6472926159EF2005FCBD9 /* AppDelegate.swift */; };
		B8E6472C26159EF2005FCBD9 /* SceneDelegate.swift in Sources */ = {isa = PBXBuildFile; fileRef = B8E6472B26159EF2005FCBD9 /* SceneDelegate.swift */; };
		B8E6472E26159EF2005FCBD9 /* ViewController.swift in Sources */ = {isa = PBXBuildFile; fileRef = B8E6472D26159EF2005FCBD9 /* ViewController.swift */; };
		B8E6473126159EF2005FCBD9 /* Main.storyboard in Resources */ = {isa = PBXBuildFile; fileRef = B8E6472F26159EF2005FCBD9 /* Main.storyboard */; };
		B8E6473326159EF4005FCBD9 /* Assets.xcassets in Resources */ = {isa = PBXBuildFile; fileRef = B8E6473226159EF4005FCBD9 /* Assets.xcassets */; };
		B8E6473626159EF4005FCBD9 /* LaunchScreen.storyboard in Resources */ = {isa = PBXBuildFile; fileRef = B8E6473426159EF4005FCBD9 /* LaunchScreen.storyboard */; };
		B8E6474126159EF4005FCBD9 /* PerformanceTests.swift in Sources */ = {isa = PBXBuildFile; fileRef = B8E6474026159EF4005FCBD9 /* PerformanceTests.swift */; };
		B8E6474C26159EF4005FCBD9 /* PerformanceUITests.swift in Sources */ = {isa = PBXBuildFile; fileRef = B8E6474B26159EF4005FCBD9 /* PerformanceUITests.swift */; };
/* End PBXBuildFile section */

/* Begin PBXContainerItemProxy section */
		B8E6473D26159EF4005FCBD9 /* PBXContainerItemProxy */ = {
			isa = PBXContainerItemProxy;
			containerPortal = B8E6471E26159EF2005FCBD9 /* Project object */;
			proxyType = 1;
			remoteGlobalIDString = B8E6472526159EF2005FCBD9;
			remoteInfo = Performance;
		};
		B8E6474826159EF4005FCBD9 /* PBXContainerItemProxy */ = {
			isa = PBXContainerItemProxy;
			containerPortal = B8E6471E26159EF2005FCBD9 /* Project object */;
			proxyType = 1;
			remoteGlobalIDString = B8E6472526159EF2005FCBD9;
			remoteInfo = Performance;
		};
/* End PBXContainerItemProxy section */

/* Begin PBXFileReference section */
		B8E6472626159EF2005FCBD9 /* Performance.app */ = {isa = PBXFileReference; explicitFileType = wrapper.application; includeInIndex = 0; path = Performance.app; sourceTree = BUILT_PRODUCTS_DIR; };
		B8E6472926159EF2005FCBD9 /* AppDelegate.swift */ = {isa = PBXFileReference; lastKnownFileType = sourcecode.swift; path = AppDelegate.swift; sourceTree = "<group>"; };
		B8E6472B26159EF2005FCBD9 /* SceneDelegate.swift */ = {isa = PBXFileReference; lastKnownFileType = sourcecode.swift; path = SceneDelegate.swift; sourceTree = "<group>"; };
		B8E6472D26159EF2005FCBD9 /* ViewController.swift */ = {isa = PBXFileReference; lastKnownFileType = sourcecode.swift; path = ViewController.swift; sourceTree = "<group>"; };
		B8E6473026159EF2005FCBD9 /* Base */ = {isa = PBXFileReference; lastKnownFileType = file.storyboard; name = Base; path = Base.lproj/Main.storyboard; sourceTree = "<group>"; };
		B8E6473226159EF4005FCBD9 /* Assets.xcassets */ = {isa = PBXFileReference; lastKnownFileType = folder.assetcatalog; path = Assets.xcassets; sourceTree = "<group>"; };
		B8E6473526159EF4005FCBD9 /* Base */ = {isa = PBXFileReference; lastKnownFileType = file.storyboard; name = Base; path = Base.lproj/LaunchScreen.storyboard; sourceTree = "<group>"; };
		B8E6473726159EF4005FCBD9 /* Info.plist */ = {isa = PBXFileReference; lastKnownFileType = text.plist.xml; path = Info.plist; sourceTree = "<group>"; };
		B8E6473C26159EF4005FCBD9 /* PerformanceTests.xctest */ = {isa = PBXFileReference; explicitFileType = wrapper.cfbundle; includeInIndex = 0; path = PerformanceTests.xctest; sourceTree = BUILT_PRODUCTS_DIR; };
		B8E6474026159EF4005FCBD9 /* PerformanceTests.swift */ = {isa = PBXFileReference; lastKnownFileType = sourcecode.swift; path = PerformanceTests.swift; sourceTree = "<group>"; };
		B8E6474226159EF4005FCBD9 /* Info.plist */ = {isa = PBXFileReference; lastKnownFileType = text.plist.xml; path = Info.plist; sourceTree = "<group>"; };
		B8E6474726159EF4005FCBD9 /* PerformanceUITests.xctest */ = {isa = PBXFileReference; explicitFileType = wrapper.cfbundle; includeInIndex = 0; path = PerformanceUITests.xctest; sourceTree = BUILT_PRODUCTS_DIR; };
		B8E6474B26159EF4005FCBD9 /* PerformanceUITests.swift */ = {isa = PBXFileReference; lastKnownFileType = sourcecode.swift; path = PerformanceUITests.swift; sourceTree = "<group>"; };
		B8E6474D26159EF4005FCBD9 /* Info.plist */ = {isa = PBXFileReference; lastKnownFileType = text.plist.xml; path = Info.plist; sourceTree = "<group>"; };
/* End PBXFileReference section */

/* Begin PBXFrameworksBuildPhase section */
		B8E6472326159EF2005FCBD9 /* Frameworks */ = {
			isa = PBXFrameworksBuildPhase;
			buildActionMask = 2147483647;
			files = (
			);
			runOnlyForDeploymentPostprocessing = 0;
		};
		B8E6473926159EF4005FCBD9 /* Frameworks */ = {
			isa = PBXFrameworksBuildPhase;
			buildActionMask = 2147483647;
			files = (
			);
			runOnlyForDeploymentPostprocessing = 0;
		};
		B8E6474426159EF4005FCBD9 /* Frameworks */ = {
			isa = PBXFrameworksBuildPhase;
			buildActionMask = 2147483647;
			files = (
			);
			runOnlyForDeploymentPostprocessing = 0;
		};
/* End PBXFrameworksBuildPhase section */

/* Begin PBXGroup section */
		B8E6471D26159EF2005FCBD9 = {
			isa = PBXGroup;
			children = (
				B8E6472826159EF2005FCBD9 /* Performance */,
				B8E6473F26159EF4005FCBD9 /* PerformanceTests */,
				B8E6474A26159EF4005FCBD9 /* PerformanceUITests */,
				B8E6472726159EF2005FCBD9 /* Products */,
			);
			sourceTree = "<group>";
		};
		B8E6472726159EF2005FCBD9 /* Products */ = {
			isa = PBXGroup;
			children = (
				B8E6472626159EF2005FCBD9 /* Performance.app */,
				B8E6473C26159EF4005FCBD9 /* PerformanceTests.xctest */,
				B8E6474726159EF4005FCBD9 /* PerformanceUITests.xctest */,
			);
			name = Products;
			sourceTree = "<group>";
		};
		B8E6472826159EF2005FCBD9 /* Performance */ = {
			isa = PBXGroup;
			children = (
				B8E6472926159EF2005FCBD9 /* AppDelegate.swift */,
				B8E6472B26159EF2005FCBD9 /* SceneDelegate.swift */,
				B8E6472D26159EF2005FCBD9 /* ViewController.swift */,
				B8E6472F26159EF2005FCBD9 /* Main.storyboard */,
				B8E6473226159EF4005FCBD9 /* Assets.xcassets */,
				B8E6473426159EF4005FCBD9 /* LaunchScreen.storyboard */,
				B8E6473726159EF4005FCBD9 /* Info.plist */,
			);
			path = Performance;
			sourceTree = "<group>";
		};
		B8E6473F26159EF4005FCBD9 /* PerformanceTests */ = {
			isa = PBXGroup;
			children = (
				B8E6474026159EF4005FCBD9 /* PerformanceTests.swift */,
				B8E6474226159EF4005FCBD9 /* Info.plist */,
			);
			path = PerformanceTests;
			sourceTree = "<group>";
		};
		B8E6474A26159EF4005FCBD9 /* PerformanceUITests */ = {
			isa = PBXGroup;
			children = (
				B8E6474B26159EF4005FCBD9 /* PerformanceUITests.swift */,
				B8E6474D26159EF4005FCBD9 /* Info.plist */,
			);
			path = PerformanceUITests;
			sourceTree = "<group>";
		};
/* End PBXGroup section */

/* Begin PBXNativeTarget section */
		B8E6472526159EF2005FCBD9 /* Performance */ = {
			isa = PBXNativeTarget;
			buildConfigurationList = B8E6475026159EF4005FCBD9 /* Build configuration list for PBXNativeTarget "Performance" */;
			buildPhases = (
				B8E6472226159EF2005FCBD9 /* Sources */,
				B8E6472326159EF2005FCBD9 /* Frameworks */,
				B8E6472426159EF2005FCBD9 /* Resources */,
			);
			buildRules = (
			);
			dependencies = (
			);
			name = Performance;
			productName = Performance;
			productReference = B8E6472626159EF2005FCBD9 /* Performance.app */;
			productType = "com.apple.product-type.application";
		};
		B8E6473B26159EF4005FCBD9 /* PerformanceTests */ = {
			isa = PBXNativeTarget;
			buildConfigurationList = B8E6475326159EF4005FCBD9 /* Build configuration list for PBXNativeTarget "PerformanceTests" */;
			buildPhases = (
				B8E6473826159EF4005FCBD9 /* Sources */,
				B8E6473926159EF4005FCBD9 /* Frameworks */,
				B8E6473A26159EF4005FCBD9 /* Resources */,
			);
			buildRules = (
			);
			dependencies = (
				B8E6473E26159EF4005FCBD9 /* PBXTargetDependency */,
			);
			name = PerformanceTests;
			productName = PerformanceTests;
			productReference = B8E6473C26159EF4005FCBD9 /* PerformanceTests.xctest */;
			productType = "com.apple.product-type.bundle.unit-test";
		};
		B8E6474626159EF4005FCBD9 /* PerformanceUITests */ = {
			isa = PBXNativeTarget;
			buildConfigurationList = B8E6475626159EF4005FCBD9 /* Build configuration list for PBXNativeTarget "PerformanceUITests" */;
			buildPhases = (
				B8E6474326159EF4005FCBD9 /* Sources */,
				B8E6474426159EF4005FCBD9 /* Frameworks */,
				B8E6474526159EF4005FCBD9 /* Resources */,
			);
			buildRules = (
			);
			dependencies = (
				B8E6474926159EF4005FCBD9 /* PBXTargetDependency */,
			);
			name = PerformanceUITests;
			productName = PerformanceUITests;
			productReference = B8E6474726159EF4005FCBD9 /* PerformanceUITests.xctest */;
			productType = "com.apple.product-type.bundle.ui-testing";
		};
/* End PBXNativeTarget section */

/* Begin PBXProject section */
		B8E6471E26159EF2005FCBD9 /* Project object */ = {
			isa = PBXProject;
			attributes = {
				LastSwiftUpdateCheck = 1240;
				LastUpgradeCheck = 1240;
				TargetAttributes = {
					B8E6472526159EF2005FCBD9 = {
						CreatedOnToolsVersion = 12.4;
					};
					B8E6473B26159EF4005FCBD9 = {
						CreatedOnToolsVersion = 12.4;
						TestTargetID = B8E6472526159EF2005FCBD9;
					};
					B8E6474626159EF4005FCBD9 = {
						CreatedOnToolsVersion = 12.4;
						TestTargetID = B8E6472526159EF2005FCBD9;
					};
				};
			};
			buildConfigurationList = B8E6472126159EF2005FCBD9 /* Build configuration list for PBXProject "Performance" */;
			compatibilityVersion = "Xcode 9.3";
			developmentRegion = en;
			hasScannedForEncodings = 0;
			knownRegions = (
				en,
				Base,
			);
			mainGroup = B8E6471D26159EF2005FCBD9;
			productRefGroup = B8E6472726159EF2005FCBD9 /* Products */;
			projectDirPath = "";
			projectRoot = "";
			targets = (
				B8E6472526159EF2005FCBD9 /* Performance */,
				B8E6473B26159EF4005FCBD9 /* PerformanceTests */,
				B8E6474626159EF4005FCBD9 /* PerformanceUITests */,
			);
		};
/* End PBXProject section */

/* Begin PBXResourcesBuildPhase section */
		B8E6472426159EF2005FCBD9 /* Resources */ = {
			isa = PBXResourcesBuildPhase;
			buildActionMask = 2147483647;
			files = (
				B8E6473626159EF4005FCBD9 /* LaunchScreen.storyboard in Resources */,
				B8E6473326159EF4005FCBD9 /* Assets.xcassets in Resources */,
				B8E6473126159EF2005FCBD9 /* Main.storyboard in Resources */,
			);
			runOnlyForDeploymentPostprocessing = 0;
		};
		B8E6473A26159EF4005FCBD9 /* Resources */ = {
			isa = PBXResourcesBuildPhase;
			buildActionMask = 2147483647;
			files = (
			);
			runOnlyForDeploymentPostprocessing = 0;
		};
		B8E6474526159EF4005FCBD9 /* Resources */ = {
			isa = PBXResourcesBuildPhase;
			buildActionMask = 2147483647;
			files = (
			);
			runOnlyForDeploymentPostprocessing = 0;
		};
/* End PBXResourcesBuildPhase section */

/* Begin PBXSourcesBuildPhase section */
		B8E6472226159EF2005FCBD9 /* Sources */ = {
			isa = PBXSourcesBuildPhase;
			buildActionMask = 2147483647;
			files = (
				B8E6472E26159EF2005FCBD9 /* ViewController.swift in Sources */,
				B8E6472A26159EF2005FCBD9 /* AppDelegate.swift in Sources */,
				B8E6472C26159EF2005FCBD9 /* SceneDelegate.swift in Sources */,
			);
			runOnlyForDeploymentPostprocessing = 0;
		};
		B8E6473826159EF4005FCBD9 /* Sources */ = {
			isa = PBXSourcesBuildPhase;
			buildActionMask = 2147483647;
			files = (
				B8E6474126159EF4005FCBD9 /* PerformanceTests.swift in Sources */,
			);
			runOnlyForDeploymentPostprocessing = 0;
		};
		B8E6474326159EF4005FCBD9 /* Sources */ = {
			isa = PBXSourcesBuildPhase;
			buildActionMask = 2147483647;
			files = (
				B8E6474C26159EF4005FCBD9 /* PerformanceUITests.swift in Sources */,
			);
			runOnlyForDeploymentPostprocessing = 0;
		};
/* End PBXSourcesBuildPhase section */

/* Begin PBXTargetDependency section */
		B8E6473E26159EF4005FCBD9 /* PBXTargetDependency */ = {
			isa = PBXTargetDependency;
			target = B8E6472526159EF2005FCBD9 /* Performance */;
			targetProxy = B8E6473D26159EF4005FCBD9 /* PBXContainerItemProxy */;
		};
		B8E6474926159EF4005FCBD9 /* PBXTargetDependency */ = {
			isa = PBXTargetDependency;
			target = B8E6472526159EF2005FCBD9 /* Performance */;
			targetProxy = B8E6474826159EF4005FCBD9 /* PBXContainerItemProxy */;
		};
/* End PBXTargetDependency section */

/* Begin PBXVariantGroup section */
		B8E6472F26159EF2005FCBD9 /* Main.storyboard */ = {
			isa = PBXVariantGroup;
			children = (
				B8E6473026159EF2005FCBD9 /* Base */,
			);
			name = Main.storyboard;
			sourceTree = "<group>";
		};
		B8E6473426159EF4005FCBD9 /* LaunchScreen.storyboard */ = {
			isa = PBXVariantGroup;
			children = (
				B8E6473526159EF4005FCBD9 /* Base */,
			);
			name = LaunchScreen.storyboard;
			sourceTree = "<group>";
		};
/* End PBXVariantGroup section */

/* Begin XCBuildConfiguration section */
		B8E6474E26159EF4005FCBD9 /* Debug */ = {
			isa = XCBuildConfiguration;
			buildSettings = {
				ALWAYS_SEARCH_USER_PATHS = NO;
				CLANG_ANALYZER_NONNULL = YES;
				CLANG_ANALYZER_NUMBER_OBJECT_CONVERSION = YES_AGGRESSIVE;
				CLANG_CXX_LANGUAGE_STANDARD = "gnu++14";
				CLANG_CXX_LIBRARY = "libc++";
				CLANG_ENABLE_MODULES = YES;
				CLANG_ENABLE_OBJC_ARC = YES;
				CLANG_ENABLE_OBJC_WEAK = YES;
				CLANG_WARN_BLOCK_CAPTURE_AUTORELEASING = YES;
				CLANG_WARN_BOOL_CONVERSION = YES;
				CLANG_WARN_COMMA = YES;
				CLANG_WARN_CONSTANT_CONVERSION = YES;
				CLANG_WARN_DEPRECATED_OBJC_IMPLEMENTATIONS = YES;
				CLANG_WARN_DIRECT_OBJC_ISA_USAGE = YES_ERROR;
				CLANG_WARN_DOCUMENTATION_COMMENTS = YES;
				CLANG_WARN_EMPTY_BODY = YES;
				CLANG_WARN_ENUM_CONVERSION = YES;
				CLANG_WARN_INFINITE_RECURSION = YES;
				CLANG_WARN_INT_CONVERSION = YES;
				CLANG_WARN_NON_LITERAL_NULL_CONVERSION = YES;
				CLANG_WARN_OBJC_IMPLICIT_RETAIN_SELF = YES;
				CLANG_WARN_OBJC_LITERAL_CONVERSION = YES;
				CLANG_WARN_OBJC_ROOT_CLASS = YES_ERROR;
				CLANG_WARN_QUOTED_INCLUDE_IN_FRAMEWORK_HEADER = YES;
				CLANG_WARN_RANGE_LOOP_ANALYSIS = YES;
				CLANG_WARN_STRICT_PROTOTYPES = YES;
				CLANG_WARN_SUSPICIOUS_MOVE = YES;
				CLANG_WARN_UNGUARDED_AVAILABILITY = YES_AGGRESSIVE;
				CLANG_WARN_UNREACHABLE_CODE = YES;
				CLANG_WARN__DUPLICATE_METHOD_MATCH = YES;
				COPY_PHASE_STRIP = NO;
				DEBUG_INFORMATION_FORMAT = dwarf;
				ENABLE_STRICT_OBJC_MSGSEND = YES;
				ENABLE_TESTABILITY = YES;
				GCC_C_LANGUAGE_STANDARD = gnu11;
				GCC_DYNAMIC_NO_PIC = NO;
				GCC_NO_COMMON_BLOCKS = YES;
				GCC_OPTIMIZATION_LEVEL = 0;
				GCC_PREPROCESSOR_DEFINITIONS = (
					"DEBUG=1",
					"$(inherited)",
				);
				GCC_WARN_64_TO_32_BIT_CONVERSION = YES;
				GCC_WARN_ABOUT_RETURN_TYPE = YES_ERROR;
				GCC_WARN_UNDECLARED_SELECTOR = YES;
				GCC_WARN_UNINITIALIZED_AUTOS = YES_AGGRESSIVE;
				GCC_WARN_UNUSED_FUNCTION = YES;
				GCC_WARN_UNUSED_VARIABLE = YES;
				IPHONEOS_DEPLOYMENT_TARGET = 14.4;
				MTL_ENABLE_DEBUG_INFO = INCLUDE_SOURCE;
				MTL_FAST_MATH = YES;
				ONLY_ACTIVE_ARCH = YES;
				SDKROOT = iphoneos;
				SWIFT_ACTIVE_COMPILATION_CONDITIONS = DEBUG;
				SWIFT_OPTIMIZATION_LEVEL = "-Onone";
			};
			name = Debug;
		};
		B8E6474F26159EF4005FCBD9 /* Release */ = {
			isa = XCBuildConfiguration;
			buildSettings = {
				ALWAYS_SEARCH_USER_PATHS = NO;
				CLANG_ANALYZER_NONNULL = YES;
				CLANG_ANALYZER_NUMBER_OBJECT_CONVERSION = YES_AGGRESSIVE;
				CLANG_CXX_LANGUAGE_STANDARD = "gnu++14";
				CLANG_CXX_LIBRARY = "libc++";
				CLANG_ENABLE_MODULES = YES;
				CLANG_ENABLE_OBJC_ARC = YES;
				CLANG_ENABLE_OBJC_WEAK = YES;
				CLANG_WARN_BLOCK_CAPTURE_AUTORELEASING = YES;
				CLANG_WARN_BOOL_CONVERSION = YES;
				CLANG_WARN_COMMA = YES;
				CLANG_WARN_CONSTANT_CONVERSION = YES;
				CLANG_WARN_DEPRECATED_OBJC_IMPLEMENTATIONS = YES;
				CLANG_WARN_DIRECT_OBJC_ISA_USAGE = YES_ERROR;
				CLANG_WARN_DOCUMENTATION_COMMENTS = YES;
				CLANG_WARN_EMPTY_BODY = YES;
				CLANG_WARN_ENUM_CONVERSION = YES;
				CLANG_WARN_INFINITE_RECURSION = YES;
				CLANG_WARN_INT_CONVERSION = YES;
				CLANG_WARN_NON_LITERAL_NULL_CONVERSION = YES;
				CLANG_WARN_OBJC_IMPLICIT_RETAIN_SELF = YES;
				CLANG_WARN_OBJC_LITERAL_CONVERSION = YES;
				CLANG_WARN_OBJC_ROOT_CLASS = YES_ERROR;
				CLANG_WARN_QUOTED_INCLUDE_IN_FRAMEWORK_HEADER = YES;
				CLANG_WARN_RANGE_LOOP_ANALYSIS = YES;
				CLANG_WARN_STRICT_PROTOTYPES = YES;
				CLANG_WARN_SUSPICIOUS_MOVE = YES;
				CLANG_WARN_UNGUARDED_AVAILABILITY = YES_AGGRESSIVE;
				CLANG_WARN_UNREACHABLE_CODE = YES;
				CLANG_WARN__DUPLICATE_METHOD_MATCH = YES;
				COPY_PHASE_STRIP = NO;
				DEBUG_INFORMATION_FORMAT = "dwarf-with-dsym";
				ENABLE_NS_ASSERTIONS = NO;
				ENABLE_STRICT_OBJC_MSGSEND = YES;
				GCC_C_LANGUAGE_STANDARD = gnu11;
				GCC_NO_COMMON_BLOCKS = YES;
				GCC_WARN_64_TO_32_BIT_CONVERSION = YES;
				GCC_WARN_ABOUT_RETURN_TYPE = YES_ERROR;
				GCC_WARN_UNDECLARED_SELECTOR = YES;
				GCC_WARN_UNINITIALIZED_AUTOS = YES_AGGRESSIVE;
				GCC_WARN_UNUSED_FUNCTION = YES;
				GCC_WARN_UNUSED_VARIABLE = YES;
				IPHONEOS_DEPLOYMENT_TARGET = 14.4;
				MTL_ENABLE_DEBUG_INFO = NO;
				MTL_FAST_MATH = YES;
				SDKROOT = iphoneos;
				SWIFT_COMPILATION_MODE = wholemodule;
				SWIFT_OPTIMIZATION_LEVEL = "-O";
				VALIDATE_PRODUCT = YES;
			};
			name = Release;
		};
		B8E6475126159EF4005FCBD9 /* Debug */ = {
			isa = XCBuildConfiguration;
			buildSettings = {
				ASSETCATALOG_COMPILER_APPICON_NAME = AppIcon;
				ASSETCATALOG_COMPILER_GLOBAL_ACCENT_COLOR_NAME = AccentColor;
				CODE_SIGN_STYLE = Automatic;
				DEVELOPMENT_TEAM = 6N2QENJU9V;
				INFOPLIST_FILE = Performance/Info.plist;
				LD_RUNPATH_SEARCH_PATHS = (
					"$(inherited)",
					"@executable_path/Frameworks",
				);
				PRODUCT_BUNDLE_IDENTIFIER = com.sample.performance.Performance;
				PRODUCT_NAME = "$(TARGET_NAME)";
				SWIFT_VERSION = 5.0;
				TARGETED_DEVICE_FAMILY = "1,2";
			};
			name = Debug;
		};
		B8E6475226159EF4005FCBD9 /* Release */ = {
			isa = XCBuildConfiguration;
			buildSettings = {
				ASSETCATALOG_COMPILER_APPICON_NAME = AppIcon;
				ASSETCATALOG_COMPILER_GLOBAL_ACCENT_COLOR_NAME = AccentColor;
				CODE_SIGN_STYLE = Automatic;
				DEVELOPMENT_TEAM = 6N2QENJU9V;
				INFOPLIST_FILE = Performance/Info.plist;
				LD_RUNPATH_SEARCH_PATHS = (
					"$(inherited)",
					"@executable_path/Frameworks",
				);
				PRODUCT_BUNDLE_IDENTIFIER = com.sample.performance.Performance;
				PRODUCT_NAME = "$(TARGET_NAME)";
				SWIFT_VERSION = 5.0;
				TARGETED_DEVICE_FAMILY = "1,2";
			};
			name = Release;
		};
		B8E6475426159EF4005FCBD9 /* Debug */ = {
			isa = XCBuildConfiguration;
			buildSettings = {
				ALWAYS_EMBED_SWIFT_STANDARD_LIBRARIES = YES;
				BUNDLE_LOADER = "$(TEST_HOST)";
				CODE_SIGN_STYLE = Automatic;
				DEVELOPMENT_TEAM = 6N2QENJU9V;
				INFOPLIST_FILE = PerformanceTests/Info.plist;
				IPHONEOS_DEPLOYMENT_TARGET = 14.4;
				LD_RUNPATH_SEARCH_PATHS = (
					"$(inherited)",
					"@executable_path/Frameworks",
					"@loader_path/Frameworks",
				);
				PRODUCT_BUNDLE_IDENTIFIER = com.sample.performance.PerformanceTests;
				PRODUCT_NAME = "$(TARGET_NAME)";
				SWIFT_VERSION = 5.0;
				TARGETED_DEVICE_FAMILY = "1,2";
				TEST_HOST = "$(BUILT_PRODUCTS_DIR)/Performance.app/Performance";
			};
			name = Debug;
		};
		B8E6475526159EF4005FCBD9 /* Release */ = {
			isa = XCBuildConfiguration;
			buildSettings = {
				ALWAYS_EMBED_SWIFT_STANDARD_LIBRARIES = YES;
				BUNDLE_LOADER = "$(TEST_HOST)";
				CODE_SIGN_STYLE = Automatic;
				DEVELOPMENT_TEAM = 6N2QENJU9V;
				INFOPLIST_FILE = PerformanceTests/Info.plist;
				IPHONEOS_DEPLOYMENT_TARGET = 14.4;
				LD_RUNPATH_SEARCH_PATHS = (
					"$(inherited)",
					"@executable_path/Frameworks",
					"@loader_path/Frameworks",
				);
				PRODUCT_BUNDLE_IDENTIFIER = com.sample.performance.PerformanceTests;
				PRODUCT_NAME = "$(TARGET_NAME)";
				SWIFT_VERSION = 5.0;
				TARGETED_DEVICE_FAMILY = "1,2";
				TEST_HOST = "$(BUILT_PRODUCTS_DIR)/Performance.app/Performance";
			};
			name = Release;
		};
		B8E6475726159EF4005FCBD9 /* Debug */ = {
			isa = XCBuildConfiguration;
			buildSettings = {
				ALWAYS_EMBED_SWIFT_STANDARD_LIBRARIES = YES;
				CODE_SIGN_STYLE = Automatic;
				DEVELOPMENT_TEAM = 6N2QENJU9V;
				INFOPLIST_FILE = PerformanceUITests/Info.plist;
				LD_RUNPATH_SEARCH_PATHS = (
					"$(inherited)",
					"@executable_path/Frameworks",
					"@loader_path/Frameworks",
				);
				PRODUCT_BUNDLE_IDENTIFIER = com.sample.performance.PerformanceUITests;
				PRODUCT_NAME = "$(TARGET_NAME)";
				SWIFT_VERSION = 5.0;
				TARGETED_DEVICE_FAMILY = "1,2";
				TEST_TARGET_NAME = Performance;
			};
			name = Debug;
		};
		B8E6475826159EF4005FCBD9 /* Release */ = {
			isa = XCBuildConfiguration;
			buildSettings = {
				ALWAYS_EMBED_SWIFT_STANDARD_LIBRARIES = YES;
				CODE_SIGN_STYLE = Automatic;
				DEVELOPMENT_TEAM = 6N2QENJU9V;
				INFOPLIST_FILE = PerformanceUITests/Info.plist;
				LD_RUNPATH_SEARCH_PATHS = (
					"$(inherited)",
					"@executable_path/Frameworks",
					"@loader_path/Frameworks",
				);
				PRODUCT_BUNDLE_IDENTIFIER = com.sample.performance.PerformanceUITests;
				PRODUCT_NAME = "$(TARGET_NAME)";
				SWIFT_VERSION = 5.0;
				TARGETED_DEVICE_FAMILY = "1,2";
				TEST_TARGET_NAME = Performance;
			};
			name = Release;
		};
/* End XCBuildConfiguration section */

/* Begin XCConfigurationList section */
		B8E6472126159EF2005FCBD9 /* Build configuration list for PBXProject "Performance" */ = {
			isa = XCConfigurationList;
			buildConfigurations = (
				B8E6474E26159EF4005FCBD9 /* Debug */,
				B8E6474F26159EF4005FCBD9 /* Release */,
			);
			defaultConfigurationIsVisible = 0;
			defaultConfigurationName = Release;
		};
		B8E6475026159EF4005FCBD9 /* Build configuration list for PBXNativeTarget "Performance" */ = {
			isa = XCConfigurationList;
			buildConfigurations = (
				B8E6475126159EF4005FCBD9 /* Debug */,
				B8E6475226159EF4005FCBD9 /* Release */,
			);
			defaultConfigurationIsVisible = 0;
			defaultConfigurationName = Release;
		};
		B8E6475326159EF4005FCBD9 /* Build configuration list for PBXNativeTarget "PerformanceTests" */ = {
			isa = XCConfigurationList;
			buildConfigurations = (
				B8E6475426159EF4005FCBD9 /* Debug */,
				B8E6475526159EF4005FCBD9 /* Release */,
			);
			defaultConfigurationIsVisible = 0;
			defaultConfigurationName = Release;
		};
		B8E6475626159EF4005FCBD9 /* Build configuration list for PBXNativeTarget "PerformanceUITests" */ = {
			isa = XCConfigurationList;
			buildConfigurations = (
				B8E6475726159EF4005FCBD9 /* Debug */,
				B8E6475826159EF4005FCBD9 /* Release */,
			);
			defaultConfigurationIsVisible = 0;
			defaultConfigurationName = Release;
		};
/* End XCConfigurationList section */
	};
	rootObject = B8E6471E26159EF2005FCBD9 /* Project object */;
}
